
Microsoft Visual Studio Solution File, Format Version 12.00
# Visual Studio Version 17
VisualStudioVersion = 17.6.33801.468
MinimumVisualStudioVersion = 10.0.40219.1
Project("{FAE04EC0-301F-11D3-BF4B-00C04F79EFBC}") = "PracticalThirteen", "PracticalThirteen\PracticalThirteen.csproj", "{51A724B8-55E4-4765-84C4-1F5E3F39ECEB}"
EndProject
Global
	GlobalSection(SolutionConfigurationPlatforms) = preSolution
		Debug|Any CPU = Debug|Any CPU
		Release|Any CPU = Release|Any CPU
	EndGlobalSection
	GlobalSection(ProjectConfigurationPlatforms) = postSolution
		{51A724B8-55E4-4765-84C4-1F5E3F39ECEB}.Debug|Any CPU.ActiveCfg = Debug|Any CPU
		{51A724B8-55E4-4765-84C4-1F5E3F39ECEB}.Debug|Any CPU.Build.0 = Debug|Any CPU
		{51A724B8-55E4-4765-84C4-1F5E3F39ECEB}.Release|Any CPU.ActiveCfg = Release|Any CPU
		{51A724B8-55E4-4765-84C4-1F5E3F39ECEB}.Release|Any CPU.Build.0 = Release|Any CPU
	EndGlobalSection
	GlobalSection(SolutionProperties) = preSolution
		HideSolutionNode = FALSE
	EndGlobalSection
	GlobalSection(ExtensibilityGlobals) = postSolution
		SolutionGuid = {19CF9B3B-AA90-4CED-9B06-A658A2EED975}
	EndGlobalSection
EndGlobal
